<?xml version="1.0" encoding="utf-8"?>
<Project ToolsVersion="4.0" xmlns="http://schemas.microsoft.com/developer/msbuild/2003">
  <ItemGroup>
    <Filter Include="源文件">
      <UniqueIdentifier>{4FC737F1-C7A5-4376-A066-2A32D752A2FF}</UniqueIdentifier>
      <Extensions>cpp;c;cc;cxx;def;odl;idl;hpj;bat;asm;asmx</Extensions>
    </Filter>
    <Filter Include="头文件">
      <UniqueIdentifier>{93995380-89BD-4b04-88EB-625FBE52EBFB}</UniqueIdentifier>
      <Extensions>h;hh;hpp;hxx;hm;inl;inc;xsd</Extensions>
    </Filter>
    <Filter Include="资源文件">
      <UniqueIdentifier>{67DA6AB6-F800-4c08-8B7A-83BB121AAD01}</UniqueIdentifier>
      <Extensions>rc;ico;cur;bmp;dlg;rc2;rct;bin;rgs;gif;jpg;jpeg;jpe;resx;tiff;tif;png;wav;mfcribbon-ms</Extensions>
    </Filter>
  </ItemGroup>
  <ItemGroup>
    <Text Include="ReadMe.txt" />
  </ItemGroup>
  <ItemGroup>
    <ClInclude Include="CenterThread.h">
      <Filter>头文件</Filter>
    </ClInclude>
    <ClInclude Include="stdafx.h">
      <Filter>头文件</Filter>
    </ClInclude>
    <ClInclude Include="targetver.h">
      <Filter>头文件</Filter>
    </ClInclude>
    <ClInclude Include="ServerCfg.h">
      <Filter>头文件</Filter>
    </ClInclude>
    <ClInclude Include="ServerMgr.h">
      <Filter>头文件</Filter>
    </ClInclude>
    <ClInclude Include="GroupMgr.h">
      <Filter>头文件</Filter>
    </ClInclude>
    <ClInclude Include="UserMgr.h">
      <Filter>头文件</Filter>
    </ClInclude>
    <ClInclude Include="Group.h">
      <Filter>头文件</Filter>
    </ClInclude>
    <ClInclude Include="WXGroupMgr.h">
      <Filter>头文件</Filter>
    </ClInclude>
    <ClInclude Include="HongBaoMgr.h">
      <Filter>头文件</Filter>
    </ClInclude>
    <ClInclude Include="RankMgr.h">
      <Filter>头文件</Filter>
    </ClInclude>
    <ClInclude Include="UserTask.h">
      <Filter>头文件</Filter>
    </ClInclude>
    <ClInclude Include="SystemMsgMgr.h">
      <Filter>头文件</Filter>
    </ClInclude>
    <ClInclude Include="ConfigOption.h">
      <Filter>头文件</Filter>
    </ClInclude>
    <ClInclude Include="ActivityMgr.h">
      <Filter>头文件</Filter>
    </ClInclude>
    <ClInclude Include="DuoBaoMgr.h">
      <Filter>头文件</Filter>
    </ClInclude>
  </ItemGroup>
  <ItemGroup>
    <ClCompile Include="CenterServer.cpp">
      <Filter>源文件</Filter>
    </ClCompile>
    <ClCompile Include="CenterThread.cpp">
      <Filter>源文件</Filter>
    </ClCompile>
    <ClCompile Include="stdafx.cpp">
      <Filter>源文件</Filter>
    </ClCompile>
    <ClCompile Include="ServerCfg.cpp">
      <Filter>源文件</Filter>
    </ClCompile>
    <ClCompile Include="ServerMgr.cpp">
      <Filter>源文件</Filter>
    </ClCompile>
    <ClCompile Include="GroupMgr.cpp">
      <Filter>源文件</Filter>
    </ClCompile>
    <ClCompile Include="UserMgr.cpp">
      <Filter>源文件</Filter>
    </ClCompile>
    <ClCompile Include="Group.cpp">
      <Filter>源文件</Filter>
    </ClCompile>
    <ClCompile Include="WXGroupMgr.cpp">
      <Filter>源文件</Filter>
    </ClCompile>
    <ClCompile Include="HongBaoMgr.cpp">
      <Filter>源文件</Filter>
    </ClCompile>
    <ClCompile Include="RankMgr.cpp">
      <Filter>源文件</Filter>
    </ClCompile>
    <ClCompile Include="UserTask.cpp">
      <Filter>源文件</Filter>
    </ClCompile>
    <ClCompile Include="ConfigOption.cpp">
      <Filter>源文件</Filter>
    </ClCompile>
    <ClCompile Include="ActivityMgr.cpp">
      <Filter>源文件</Filter>
    </ClCompile>
    <ClCompile Include="DuoBaoMgr.cpp">
      <Filter>源文件</Filter>
    </ClCompile>
    <ClCompile Include="SystemMsgMgr.cpp">
      <Filter>源文件</Filter>
    </ClCompile>
  </ItemGroup>
</Project>